
Microsoft Visual Studio Solution File, Format Version 12.00
# Visual Studio Version 17
VisualStudioVersion = 17.5.33516.290
MinimumVisualStudioVersion = 10.0.40219.1
Project("{9A19103F-16F7-4668-BE54-9A1E7A4F7556}") = "Suggestions", "Suggestions.Core\Suggestions.Core.csproj", "{31690392-1A09-4B3A-915B-CBC80064E699}"
EndProject
Project("{9A19103F-16F7-4668-BE54-9A1E7A4F7556}") = "Suggestions", "Suggestions.Tests\Suggestions.Tests.csproj", "{15C33904-EE23-4A5D-B598-1B59A5178851}"
EndProject
Global
	GlobalSection(SolutionConfigurationPlatforms) = preSolution
		Debug|Any CPU = Debug|Any CPU
		Release|Any CPU = Release|Any CPU
	EndGlobalSection
	GlobalSection(ProjectConfigurationPlatforms) = postSolution
		{31690392-1A09-4B3A-915B-CBC80064E699}.Debug|Any CPU.ActiveCfg = Debug|Any CPU
		{31690392-1A09-4B3A-915B-CBC80064E699}.Debug|Any CPU.Build.0 = Debug|Any CPU
		{31690392-1A09-4B3A-915B-CBC80064E699}.Release|Any CPU.ActiveCfg = Release|Any CPU
		{31690392-1A09-4B3A-915B-CBC80064E699}.Release|Any CPU.Build.0 = Release|Any CPU
		{15C33904-EE23-4A5D-B598-1B59A5178851}.Debug|Any CPU.ActiveCfg = Debug|Any CPU
		{15C33904-EE23-4A5D-B598-1B59A5178851}.Debug|Any CPU.Build.0 = Debug|Any CPU
		{15C33904-EE23-4A5D-B598-1B59A5178851}.Release|Any CPU.ActiveCfg = Release|Any CPU
		{15C33904-EE23-4A5D-B598-1B59A5178851}.Release|Any CPU.Build.0 = Release|Any CPU
	EndGlobalSection
	GlobalSection(SolutionProperties) = preSolution
		HideSolutionNode = FALSE
	EndGlobalSection
	GlobalSection(ExtensibilityGlobals) = postSolution
		SolutionGuid = {CF35D21F-42CC-4432-813F-BA27E4123F6C}
	EndGlobalSection
EndGlobal
